
Microsoft Visual Studio Solution File, Format Version 12.00
# Visual Studio Version 17
VisualStudioVersion = 17.7.34202.233
MinimumVisualStudioVersion = 10.0.40219.1
Project("{FAE04EC0-301F-11D3-BF4B-00C04F79EFBC}") = "BookSale.Managment.UI", "BookSale.Managment.UI\BookSale.Managment.UI.csproj", "{40B10EB4-2853-43B3-9427-1EF2355C8160}"
EndProject
Global
	GlobalSection(SolutionConfigurationPlatforms) = preSolution
		Debug|Any CPU = Debug|Any CPU
		Release|Any CPU = Release|Any CPU
	EndGlobalSection
	GlobalSection(ProjectConfigurationPlatforms) = postSolution
		{40B10EB4-2853-43B3-9427-1EF2355C8160}.Debug|Any CPU.ActiveCfg = Debug|Any CPU
		{40B10EB4-2853-43B3-9427-1EF2355C8160}.Debug|Any CPU.Build.0 = Debug|Any CPU
		{40B10EB4-2853-43B3-9427-1EF2355C8160}.Release|Any CPU.ActiveCfg = Release|Any CPU
		{40B10EB4-2853-43B3-9427-1EF2355C8160}.Release|Any CPU.Build.0 = Release|Any CPU
	EndGlobalSection
	GlobalSection(SolutionProperties) = preSolution
		HideSolutionNode = FALSE
	EndGlobalSection
	GlobalSection(ExtensibilityGlobals) = postSolution
		SolutionGuid = {58AF96FC-DBA0-4BB7-9FB6-A611FF8B27D1}
	EndGlobalSection
EndGlobal
